{
    "name": "php-class-imports-folding",
    "version": "0.0.1",
    "lockfileVersion": 2,
    "requires": true,
    "packages": {
        "": {
            "name": "php-class-imports-folding",
            "version": "0.0.1",
            "license": "MIT",
            "devDependencies": {
                "@types/node": "^18.11.10",
                "@types/vscode": "^1.68.0",
                "typescript": "^4.6.3"
            },
            "engines": {
                "vscode": "^1.68.0"
            }
        },
        "node_modules/@types/node": {
            "version": "18.11.10",
            "resolved": "https://registry.npmjs.org/@types/node/-/node-18.11.10.tgz",
            "integrity": "sha512-juG3RWMBOqcOuXC643OAdSA525V44cVgGV6dUDuiFtss+8Fk5x1hI93Rsld43VeJVIeqlP9I7Fn9/qaVqoEAuQ==",
            "dev": true
        },
        "node_modules/@types/vscode": {
            "version": "1.73.1",
            "resolved": "https://registry.npmjs.org/@types/vscode/-/vscode-1.73.1.tgz",
            "integrity": "sha512-eArfOrAoZVV+Ao9zQOCaFNaeXj4kTCD+bGS2gyNgIFZH9xVMuLMlRrEkhb22NyxycFWKV1UyTh03vhaVHmqVMg==",
            "dev": true
        },
        "node_modules/typescript": {
            "version": "4.9.3",
            "resolved": "https://registry.npmjs.org/typescript/-/typescript-4.9.3.tgz",
            "integrity": "sha512-CIfGzTelbKNEnLpLdGFgdyKhG23CKdKgQPOBc+OUNrkJ2vr+KSzsSV5kq5iWhEQbok+quxgGzrAtGWCyU7tHnA==",
            "dev": true,
            "bin": {
                "tsc": "bin/tsc",
                "tsserver": "bin/tsserver"
            },
            "engines": {
                "node": ">=4.2.0"
            }
        }
    },
    "dependencies": {
        "@types/node": {
            "version": "18.11.10",
            "resolved": "https://registry.npmjs.org/@types/node/-/node-18.11.10.tgz",
            "integrity": "sha512-juG3RWMBOqcOuXC643OAdSA525V44cVgGV6dUDuiFtss+8Fk5x1hI93Rsld43VeJVIeqlP9I7Fn9/qaVqoEAuQ==",
            "dev": true
        },
        "@types/vscode": {
            "version": "1.73.1",
            "resolved": "https://registry.npmjs.org/@types/vscode/-/vscode-1.73.1.tgz",
            "integrity": "sha512-eArfOrAoZVV+Ao9zQOCaFNaeXj4kTCD+bGS2gyNgIFZH9xVMuLMlRrEkhb22NyxycFWKV1UyTh03vhaVHmqVMg==",
            "dev": true
        },
        "typescript": {
            "version": "4.9.3",
            "resolved": "https://registry.npmjs.org/typescript/-/typescript-4.9.3.tgz",
            "integrity": "sha512-CIfGzTelbKNEnLpLdGFgdyKhG23CKdKgQPOBc+OUNrkJ2vr+KSzsSV5kq5iWhEQbok+quxgGzrAtGWCyU7tHnA==",
            "dev": true
        }
    }
}
